// !$*UTF8*$!
{
	archiveVersion = 1;
	classes = {
	};
	objectVersion = 46;
	objects = {

/* Begin PBXBuildFile section */
		0A0E4D4A1EF969B800D10709 /* main.m in Sources */ = {isa = PBXBuildFile; fileRef = 0A0E4D491EF969B800D10709 /* main.m */; };
		0A0E4D531EF969B800D10709 /* Main.storyboard in Resources */ = {isa = PBXBuildFile; fileRef = 0A0E4D511EF969B800D10709 /* Main.storyboard */; };
		0A0E4D551EF969B800D10709 /* Assets.xcassets in Resources */ = {isa = PBXBuildFile; fileRef = 0A0E4D541EF969B800D10709 /* Assets.xcassets */; };
		0A0E4D581EF969B800D10709 /* LaunchScreen.storyboard in Resources */ = {isa = PBXBuildFile; fileRef = 0A0E4D561EF969B800D10709 /* LaunchScreen.storyboard */; };
		0A0E4D661EF96A8E00D10709 /* AppDelegate.m in Sources */ = {isa = PBXBuildFile; fileRef = 0A0E4D641EF96A8E00D10709 /* AppDelegate.m */; };
		0A0E4D7B1EF96B9800D10709 /* MobileProtector.debug.xcconfig in Resources */ = {isa = PBXBuildFile; fileRef = 0A0E4D761EF96B9800D10709 /* MobileProtector.debug.xcconfig */; };
		0A0E4D7C1EF96B9800D10709 /* MobileProtector.release.xcconfig in Resources */ = {isa = PBXBuildFile; fileRef = 0A0E4D781EF96B9800D10709 /* MobileProtector.release.xcconfig */; };
		0A2A64501EFAC12B00B01E3E /* MainCheckerFooterView.m in Sources */ = {isa = PBXBuildFile; fileRef = 0A2A644F1EFAC12B00B01E3E /* MainCheckerFooterView.m */; };
		0A2A64521EFAC13100B01E3E /* MainCheckerFooterView.xib in Resources */ = {isa = PBXBuildFile; fileRef = 0A2A64511EFAC13100B01E3E /* MainCheckerFooterView.xib */; };
		0A874BD91EF96DE3001F5186 /* MainCheckerController.m in Sources */ = {isa = PBXBuildFile; fileRef = 0A874BD81EF96DE3001F5186 /* MainCheckerController.m */; };
		0A874BDE1EF97074001F5186 /* VWWWaterView.m in Sources */ = {isa = PBXBuildFile; fileRef = 0A874BDD1EF97074001F5186 /* VWWWaterView.m */; };
		0A874BE21EF970BA001F5186 /* MainCheckerHeaderView.m in Sources */ = {isa = PBXBuildFile; fileRef = 0A874BE11EF970BA001F5186 /* MainCheckerHeaderView.m */; };
		0A874BE41EF970C7001F5186 /* MainCheckerHeaderView.xib in Resources */ = {isa = PBXBuildFile; fileRef = 0A874BE31EF970C7001F5186 /* MainCheckerHeaderView.xib */; };
		0A874BE81EF97A80001F5186 /* DeviceAnalyzeManager.m in Sources */ = {isa = PBXBuildFile; fileRef = 0A874BE71EF97A80001F5186 /* DeviceAnalyzeManager.m */; };
		0A9A1BCF1EFB642400B97B33 /* DeviceHardwareInfoController.m in Sources */ = {isa = PBXBuildFile; fileRef = 0A9A1BCE1EFB642400B97B33 /* DeviceHardwareInfoController.m */; };
		0A9A1BD71EFB67C800B97B33 /* AppUtils.m in Sources */ = {isa = PBXBuildFile; fileRef = 0A9A1BD21EFB67C800B97B33 /* AppUtils.m */; };
		0A9A1BD81EFB67C800B97B33 /* EncryptionUtils.m in Sources */ = {isa = PBXBuildFile; fileRef = 0A9A1BD41EFB67C800B97B33 /* EncryptionUtils.m */; };
		0A9A1BD91EFB67C800B97B33 /* Reachability.m in Sources */ = {isa = PBXBuildFile; fileRef = 0A9A1BD61EFB67C800B97B33 /* Reachability.m */; };
		0AC762B91EFAB10200135372 /* UIDevice-Hardware.m in Sources */ = {isa = PBXBuildFile; fileRef = 0AC762B11EFAB10200135372 /* UIDevice-Hardware.m */; };
		53BEB9F9BD3D32F592CC2076 /* libPods-MobileProtector.a in Frameworks */ = {isa = PBXBuildFile; fileRef = 0CEEEDBCBB31DB9CEFD4A07F /* libPods-MobileProtector.a */; };
/* End PBXBuildFile section */

/* Begin PBXFileReference section */
		0A0E4D451EF969B800D10709 /* MobileProtector.app */ = {isa = PBXFileReference; explicitFileType = wrapper.application; includeInIndex = 0; path = MobileProtector.app; sourceTree = BUILT_PRODUCTS_DIR; };
		0A0E4D491EF969B800D10709 /* main.m */ = {isa = PBXFileReference; lastKnownFileType = sourcecode.c.objc; path = main.m; sourceTree = "<group>"; };
		0A0E4D521EF969B800D10709 /* Base */ = {isa = PBXFileReference; lastKnownFileType = file.storyboard; name = Base; path = Base.lproj/Main.storyboard; sourceTree = "<group>"; };
		0A0E4D541EF969B800D10709 /* Assets.xcassets */ = {isa = PBXFileReference; lastKnownFileType = folder.assetcatalog; path = Assets.xcassets; sourceTree = "<group>"; };
		0A0E4D571EF969B800D10709 /* Base */ = {isa = PBXFileReference; lastKnownFileType = file.storyboard; name = Base; path = Base.lproj/LaunchScreen.storyboard; sourceTree = "<group>"; };
		0A0E4D631EF96A8E00D10709 /* AppDelegate.h */ = {isa = PBXFileReference; fileEncoding = 4; lastKnownFileType = sourcecode.c.h; path = AppDelegate.h; sourceTree = "<group>"; };
		0A0E4D641EF96A8E00D10709 /* AppDelegate.m */ = {isa = PBXFileReference; fileEncoding = 4; lastKnownFileType = sourcecode.c.objc; path = AppDelegate.m; sourceTree = "<group>"; };
		0A0E4D751EF96B9800D10709 /* MobileProtector-Info.plist */ = {isa = PBXFileReference; fileEncoding = 4; lastKnownFileType = text.plist.xml; path = "MobileProtector-Info.plist"; sourceTree = "<group>"; };
		0A0E4D761EF96B9800D10709 /* MobileProtector.debug.xcconfig */ = {isa = PBXFileReference; fileEncoding = 4; lastKnownFileType = text.xcconfig; path = MobileProtector.debug.xcconfig; sourceTree = "<group>"; };
		0A0E4D771EF96B9800D10709 /* MobileProtector.entitlements */ = {isa = PBXFileReference; fileEncoding = 4; lastKnownFileType = text.plist.entitlements; path = MobileProtector.entitlements; sourceTree = "<group>"; };
		0A0E4D781EF96B9800D10709 /* MobileProtector.release.xcconfig */ = {isa = PBXFileReference; fileEncoding = 4; lastKnownFileType = text.xcconfig; path = MobileProtector.release.xcconfig; sourceTree = "<group>"; };
		0A0E4D791EF96B9800D10709 /* MobileProtectorAppConfig.h */ = {isa = PBXFileReference; fileEncoding = 4; lastKnownFileType = sourcecode.c.h; path = MobileProtectorAppConfig.h; sourceTree = "<group>"; };
		0A2A644E1EFAC12B00B01E3E /* MainCheckerFooterView.h */ = {isa = PBXFileReference; lastKnownFileType = sourcecode.c.h; path = MainCheckerFooterView.h; sourceTree = "<group>"; };
		0A2A644F1EFAC12B00B01E3E /* MainCheckerFooterView.m */ = {isa = PBXFileReference; lastKnownFileType = sourcecode.c.objc; path = MainCheckerFooterView.m; sourceTree = "<group>"; };
		0A2A64511EFAC13100B01E3E /* MainCheckerFooterView.xib */ = {isa = PBXFileReference; lastKnownFileType = file.xib; path = MainCheckerFooterView.xib; sourceTree = "<group>"; };
		0A5503321EFAB6A800D5F6A4 /* DeviceKit.h */ = {isa = PBXFileReference; lastKnownFileType = sourcecode.c.h; path = DeviceKit.h; sourceTree = "<group>"; };
		0A874BD51EF96D70001F5186 /* PrefixHeader.pch */ = {isa = PBXFileReference; fileEncoding = 4; lastKnownFileType = sourcecode.c.h; path = PrefixHeader.pch; sourceTree = "<group>"; };
		0A874BD61EF96D90001F5186 /* AppConfig.h */ = {isa = PBXFileReference; fileEncoding = 4; lastKnownFileType = sourcecode.c.h; path = AppConfig.h; sourceTree = "<group>"; };
		0A874BD71EF96DE3001F5186 /* MainCheckerController.h */ = {isa = PBXFileReference; fileEncoding = 4; lastKnownFileType = sourcecode.c.h; path = MainCheckerController.h; sourceTree = "<group>"; };
		0A874BD81EF96DE3001F5186 /* MainCheckerController.m */ = {isa = PBXFileReference; fileEncoding = 4; lastKnownFileType = sourcecode.c.objc; path = MainCheckerController.m; sourceTree = "<group>"; };
		0A874BDC1EF97074001F5186 /* VWWWaterView.h */ = {isa = PBXFileReference; fileEncoding = 4; lastKnownFileType = sourcecode.c.h; path = VWWWaterView.h; sourceTree = "<group>"; };
		0A874BDD1EF97074001F5186 /* VWWWaterView.m */ = {isa = PBXFileReference; fileEncoding = 4; lastKnownFileType = sourcecode.c.objc; path = VWWWaterView.m; sourceTree = "<group>"; };
		0A874BE01EF970BA001F5186 /* MainCheckerHeaderView.h */ = {isa = PBXFileReference; fileEncoding = 4; lastKnownFileType = sourcecode.c.h; path = MainCheckerHeaderView.h; sourceTree = "<group>"; };
		0A874BE11EF970BA001F5186 /* MainCheckerHeaderView.m */ = {isa = PBXFileReference; fileEncoding = 4; lastKnownFileType = sourcecode.c.objc; path = MainCheckerHeaderView.m; sourceTree = "<group>"; };
		0A874BE31EF970C7001F5186 /* MainCheckerHeaderView.xib */ = {isa = PBXFileReference; fileEncoding = 4; lastKnownFileType = file.xib; path = MainCheckerHeaderView.xib; sourceTree = "<group>"; };
		0A874BE61EF97A80001F5186 /* DeviceAnalyzeManager.h */ = {isa = PBXFileReference; fileEncoding = 4; lastKnownFileType = sourcecode.c.h; path = DeviceAnalyzeManager.h; sourceTree = "<group>"; };
		0A874BE71EF97A80001F5186 /* DeviceAnalyzeManager.m */ = {isa = PBXFileReference; fileEncoding = 4; lastKnownFileType = sourcecode.c.objc; path = DeviceAnalyzeManager.m; sourceTree = "<group>"; };
		0A9A1BCD1EFB642400B97B33 /* DeviceHardwareInfoController.h */ = {isa = PBXFileReference; fileEncoding = 4; lastKnownFileType = sourcecode.c.h; path = DeviceHardwareInfoController.h; sourceTree = "<group>"; };
		0A9A1BCE1EFB642400B97B33 /* DeviceHardwareInfoController.m */ = {isa = PBXFileReference; fileEncoding = 4; lastKnownFileType = sourcecode.c.objc; path = DeviceHardwareInfoController.m; sourceTree = "<group>"; };
		0A9A1BD11EFB67C800B97B33 /* AppUtils.h */ = {isa = PBXFileReference; fileEncoding = 4; lastKnownFileType = sourcecode.c.h; path = AppUtils.h; sourceTree = "<group>"; };
		0A9A1BD21EFB67C800B97B33 /* AppUtils.m */ = {isa = PBXFileReference; fileEncoding = 4; lastKnownFileType = sourcecode.c.objc; path = AppUtils.m; sourceTree = "<group>"; };
		0A9A1BD31EFB67C800B97B33 /* EncryptionUtils.h */ = {isa = PBXFileReference; fileEncoding = 4; lastKnownFileType = sourcecode.c.h; path = EncryptionUtils.h; sourceTree = "<group>"; };
		0A9A1BD41EFB67C800B97B33 /* EncryptionUtils.m */ = {isa = PBXFileReference; fileEncoding = 4; lastKnownFileType = sourcecode.c.objc; path = EncryptionUtils.m; sourceTree = "<group>"; };
		0A9A1BD51EFB67C800B97B33 /* Reachability.h */ = {isa = PBXFileReference; fileEncoding = 4; lastKnownFileType = sourcecode.c.h; path = Reachability.h; sourceTree = "<group>"; };
		0A9A1BD61EFB67C800B97B33 /* Reachability.m */ = {isa = PBXFileReference; fileEncoding = 4; lastKnownFileType = sourcecode.c.objc; path = Reachability.m; sourceTree = "<group>"; };
		0A9A1BDB1EFB685B00B97B33 /* Dlog.h */ = {isa = PBXFileReference; fileEncoding = 4; lastKnownFileType = sourcecode.c.h; path = Dlog.h; sourceTree = "<group>"; };
		0AC762B01EFAB10200135372 /* UIDevice-Hardware.h */ = {isa = PBXFileReference; fileEncoding = 4; lastKnownFileType = sourcecode.c.h; path = "UIDevice-Hardware.h"; sourceTree = "<group>"; };
		0AC762B11EFAB10200135372 /* UIDevice-Hardware.m */ = {isa = PBXFileReference; fileEncoding = 4; lastKnownFileType = sourcecode.c.objc; path = "UIDevice-Hardware.m"; sourceTree = "<group>"; };
		0CEEEDBCBB31DB9CEFD4A07F /* libPods-MobileProtector.a */ = {isa = PBXFileReference; explicitFileType = archive.ar; includeInIndex = 0; path = "libPods-MobileProtector.a"; sourceTree = BUILT_PRODUCTS_DIR; };
		598B72CA3B592C808A020D7F /* Pods-MobileProtector.release.xcconfig */ = {isa = PBXFileReference; includeInIndex = 1; lastKnownFileType = text.xcconfig; name = "Pods-MobileProtector.release.xcconfig"; path = "Pods/Target Support Files/Pods-MobileProtector/Pods-MobileProtector.release.xcconfig"; sourceTree = "<group>"; };
		BFD97981BF54FD3D7B0092D2 /* Pods-MobileProtector.debug.xcconfig */ = {isa = PBXFileReference; includeInIndex = 1; lastKnownFileType = text.xcconfig; name = "Pods-MobileProtector.debug.xcconfig"; path = "Pods/Target Support Files/Pods-MobileProtector/Pods-MobileProtector.debug.xcconfig"; sourceTree = "<group>"; };
/* End PBXFileReference section */

/* Begin PBXFrameworksBuildPhase section */
		0A0E4D421EF969B800D10709 /* Frameworks */ = {
			isa = PBXFrameworksBuildPhase;
			buildActionMask = 2147483647;
			files = (
				53BEB9F9BD3D32F592CC2076 /* libPods-MobileProtector.a in Frameworks */,
			);
			runOnlyForDeploymentPostprocessing = 0;
		};
/* End PBXFrameworksBuildPhase section */

/* Begin PBXGroup section */
		0A0E4D3C1EF969B800D10709 = {
			isa = PBXGroup;
			children = (
				0A874BDA1EF97052001F5186 /* Libs */,
				0A0E4D5F1EF969FD00D10709 /* Targets */,
				0A0E4D471EF969B800D10709 /* MobileProtector */,
				0A0E4D461EF969B800D10709 /* Products */,
				6260239B59126DBB4CF867F2 /* Pods */,
				2954A908DAFB35C27C4EFE53 /* Frameworks */,
			);
			sourceTree = "<group>";
		};
		0A0E4D461EF969B800D10709 /* Products */ = {
			isa = PBXGroup;
			children = (
				0A0E4D451EF969B800D10709 /* MobileProtector.app */,
			);
			name = Products;
			sourceTree = "<group>";
		};
		0A0E4D471EF969B800D10709 /* MobileProtector */ = {
			isa = PBXGroup;
			children = (
				0A8554901EFA7E52002FC50A /* Models */,
				0A874BE51EF97799001F5186 /* Manager */,
				0A874BDF1EF970A8001F5186 /* Views */,
				0A0E4D621EF96A2600D10709 /* Base */,
				0A0E4D611EF96A1C00D10709 /* Controller */,
				0A0E4D511EF969B800D10709 /* Main.storyboard */,
				0A0E4D541EF969B800D10709 /* Assets.xcassets */,
				0A0E4D561EF969B800D10709 /* LaunchScreen.storyboard */,
				0A0E4D481EF969B800D10709 /* Supporting Files */,
			);
			path = MobileProtector;
			sourceTree = "<group>";
		};
		0A0E4D481EF969B800D10709 /* Supporting Files */ = {
			isa = PBXGroup;
			children = (
				0A0E4D491EF969B800D10709 /* main.m */,
			);
			name = "Supporting Files";
			sourceTree = "<group>";
		};
		0A0E4D5F1EF969FD00D10709 /* Targets */ = {
			isa = PBXGroup;
			children = (
				0A0E4D601EF96A0D00D10709 /* MobileProtector */,
			);
			path = Targets;
			sourceTree = "<group>";
		};
		0A0E4D601EF96A0D00D10709 /* MobileProtector */ = {
			isa = PBXGroup;
			children = (
				0A0E4D751EF96B9800D10709 /* MobileProtector-Info.plist */,
				0A0E4D761EF96B9800D10709 /* MobileProtector.debug.xcconfig */,
				0A0E4D771EF96B9800D10709 /* MobileProtector.entitlements */,
				0A0E4D781EF96B9800D10709 /* MobileProtector.release.xcconfig */,
				0A0E4D791EF96B9800D10709 /* MobileProtectorAppConfig.h */,
			);
			path = MobileProtector;
			sourceTree = "<group>";
		};
		0A0E4D611EF96A1C00D10709 /* Controller */ = {
			isa = PBXGroup;
			children = (
				0A874BD71EF96DE3001F5186 /* MainCheckerController.h */,
				0A874BD81EF96DE3001F5186 /* MainCheckerController.m */,
				0A9A1BCD1EFB642400B97B33 /* DeviceHardwareInfoController.h */,
				0A9A1BCE1EFB642400B97B33 /* DeviceHardwareInfoController.m */,
			);
			path = Controller;
			sourceTree = "<group>";
		};
		0A0E4D621EF96A2600D10709 /* Base */ = {
			isa = PBXGroup;
			children = (
				0A0E4D631EF96A8E00D10709 /* AppDelegate.h */,
				0A0E4D641EF96A8E00D10709 /* AppDelegate.m */,
				0A874BD51EF96D70001F5186 /* PrefixHeader.pch */,
				0A874BD61EF96D90001F5186 /* AppConfig.h */,
			);
			path = Base;
			sourceTree = "<group>";
		};
		0A8554901EFA7E52002FC50A /* Models */ = {
			isa = PBXGroup;
			children = (
			);
			path = Models;
			sourceTree = "<group>";
		};
		0A874BDA1EF97052001F5186 /* Libs */ = {
			isa = PBXGroup;
			children = (
				0A9A1BDA1EFB685B00B97B33 /* Logging */,
				0A9A1BD01EFB67C800B97B33 /* Utils */,
				0AC762AD1EFAB10200135372 /* DeviceKit */,
				0A874BDB1EF97074001F5186 /* WaterWave */,
			);
			path = Libs;
			sourceTree = "<group>";
		};
		0A874BDB1EF97074001F5186 /* WaterWave */ = {
			isa = PBXGroup;
			children = (
				0A874BDC1EF97074001F5186 /* VWWWaterView.h */,
				0A874BDD1EF97074001F5186 /* VWWWaterView.m */,
			);
			name = WaterWave;
			path = ../../../MyIosCodes/WaterWave;
			sourceTree = "<group>";
		};
		0A874BDF1EF970A8001F5186 /* Views */ = {
			isa = PBXGroup;
			children = (
				0A874BE01EF970BA001F5186 /* MainCheckerHeaderView.h */,
				0A874BE11EF970BA001F5186 /* MainCheckerHeaderView.m */,
				0A874BE31EF970C7001F5186 /* MainCheckerHeaderView.xib */,
				0A2A644E1EFAC12B00B01E3E /* MainCheckerFooterView.h */,
				0A2A644F1EFAC12B00B01E3E /* MainCheckerFooterView.m */,
				0A2A64511EFAC13100B01E3E /* MainCheckerFooterView.xib */,
			);
			path = Views;
			sourceTree = "<group>";
		};
		0A874BE51EF97799001F5186 /* Manager */ = {
			isa = PBXGroup;
			children = (
				0A874BE61EF97A80001F5186 /* DeviceAnalyzeManager.h */,
				0A874BE71EF97A80001F5186 /* DeviceAnalyzeManager.m */,
			);
			path = Manager;
			sourceTree = "<group>";
		};
		0A9A1BD01EFB67C800B97B33 /* Utils */ = {
			isa = PBXGroup;
			children = (
				0A9A1BD11EFB67C800B97B33 /* AppUtils.h */,
				0A9A1BD21EFB67C800B97B33 /* AppUtils.m */,
				0A9A1BD31EFB67C800B97B33 /* EncryptionUtils.h */,
				0A9A1BD41EFB67C800B97B33 /* EncryptionUtils.m */,
				0A9A1BD51EFB67C800B97B33 /* Reachability.h */,
				0A9A1BD61EFB67C800B97B33 /* Reachability.m */,
			);
			name = Utils;
			path = ../../../MyIosCodes/Utils;
			sourceTree = "<group>";
		};
		0A9A1BDA1EFB685B00B97B33 /* Logging */ = {
			isa = PBXGroup;
			children = (
				0A9A1BDB1EFB685B00B97B33 /* Dlog.h */,
			);
			name = Logging;
			path = ../../../MyIosCodes/Logging;
			sourceTree = "<group>";
		};
		0AC762AD1EFAB10200135372 /* DeviceKit */ = {
			isa = PBXGroup;
			children = (
				0AC762B01EFAB10200135372 /* UIDevice-Hardware.h */,
				0AC762B11EFAB10200135372 /* UIDevice-Hardware.m */,
				0A5503321EFAB6A800D5F6A4 /* DeviceKit.h */,
			);
			name = DeviceKit;
			path = ../../../MyIosCodes/DeviceKit;
			sourceTree = "<group>";
		};
		2954A908DAFB35C27C4EFE53 /* Frameworks */ = {
			isa = PBXGroup;
			children = (
				0CEEEDBCBB31DB9CEFD4A07F /* libPods-MobileProtector.a */,
			);
			name = Frameworks;
			sourceTree = "<group>";
		};
		6260239B59126DBB4CF867F2 /* Pods */ = {
			isa = PBXGroup;
			children = (
				BFD97981BF54FD3D7B0092D2 /* Pods-MobileProtector.debug.xcconfig */,
				598B72CA3B592C808A020D7F /* Pods-MobileProtector.release.xcconfig */,
			);
			name = Pods;
			sourceTree = "<group>";
		};
/* End PBXGroup section */

/* Begin PBXNativeTarget section */
		0A0E4D441EF969B800D10709 /* MobileProtector */ = {
			isa = PBXNativeTarget;
			buildConfigurationList = 0A0E4D5C1EF969B800D10709 /* Build configuration list for PBXNativeTarget "MobileProtector" */;
			buildPhases = (
				35E356853C6E4772828F56AA /* [CP] Check Pods Manifest.lock */,
				0A0E4D411EF969B800D10709 /* Sources */,
				0A0E4D421EF969B800D10709 /* Frameworks */,
				0A0E4D431EF969B800D10709 /* Resources */,
				7CDE4FABA4F03E94534C6A39 /* [CP] Embed Pods Frameworks */,
				9B39AF87C72B72F66CA09FD2 /* [CP] Copy Pods Resources */,
			);
			buildRules = (
			);
			dependencies = (
			);
			name = MobileProtector;
			productName = MobileProtector;
			productReference = 0A0E4D451EF969B800D10709 /* MobileProtector.app */;
			productType = "com.apple.product-type.application";
		};
/* End PBXNativeTarget section */

/* Begin PBXProject section */
		0A0E4D3D1EF969B800D10709 /* Project object */ = {
			isa = PBXProject;
			attributes = {
				LastUpgradeCheck = 0830;
				ORGANIZATIONNAME = Safe.360;
				TargetAttributes = {
					0A0E4D441EF969B800D10709 = {
						CreatedOnToolsVersion = 8.3.2;
						DevelopmentTeam = GPEJUX25C5;
						ProvisioningStyle = Automatic;
					};
				};
			};
			buildConfigurationList = 0A0E4D401EF969B800D10709 /* Build configuration list for PBXProject "MobileProtector" */;
			compatibilityVersion = "Xcode 3.2";
			developmentRegion = English;
			hasScannedForEncodings = 0;
			knownRegions = (
				en,
				Base,
			);
			mainGroup = 0A0E4D3C1EF969B800D10709;
			productRefGroup = 0A0E4D461EF969B800D10709 /* Products */;
			projectDirPath = "";
			projectRoot = "";
			targets = (
				0A0E4D441EF969B800D10709 /* MobileProtector */,
			);
		};
/* End PBXProject section */

/* Begin PBXResourcesBuildPhase section */
		0A0E4D431EF969B800D10709 /* Resources */ = {
			isa = PBXResourcesBuildPhase;
			buildActionMask = 2147483647;
			files = (
				0A0E4D581EF969B800D10709 /* LaunchScreen.storyboard in Resources */,
				0A0E4D551EF969B800D10709 /* Assets.xcassets in Resources */,
				0A0E4D7B1EF96B9800D10709 /* MobileProtector.debug.xcconfig in Resources */,
				0A874BE41EF970C7001F5186 /* MainCheckerHeaderView.xib in Resources */,
				0A0E4D531EF969B800D10709 /* Main.storyboard in Resources */,
				0A0E4D7C1EF96B9800D10709 /* MobileProtector.release.xcconfig in Resources */,
				0A2A64521EFAC13100B01E3E /* MainCheckerFooterView.xib in Resources */,
			);
			runOnlyForDeploymentPostprocessing = 0;
		};
/* End PBXResourcesBuildPhase section */

/* Begin PBXShellScriptBuildPhase section */
		35E356853C6E4772828F56AA /* [CP] Check Pods Manifest.lock */ = {
			isa = PBXShellScriptBuildPhase;
			buildActionMask = 2147483647;
			files = (
			);
			inputPaths = (
			);
			name = "[CP] Check Pods Manifest.lock";
			outputPaths = (
			);
			runOnlyForDeploymentPostprocessing = 0;
			shellPath = /bin/sh;
			shellScript = "diff \"${PODS_PODFILE_DIR_PATH}/Podfile.lock\" \"${PODS_ROOT}/Manifest.lock\" > /dev/null\nif [ $? != 0 ] ; then\n    # print error to STDERR\n    echo \"error: The sandbox is not in sync with the Podfile.lock. Run 'pod install' or update your CocoaPods installation.\" >&2\n    exit 1\nfi\n";
			showEnvVarsInLog = 0;
		};
		7CDE4FABA4F03E94534C6A39 /* [CP] Embed Pods Frameworks */ = {
			isa = PBXShellScriptBuildPhase;
			buildActionMask = 2147483647;
			files = (
			);
			inputPaths = (
			);
			name = "[CP] Embed Pods Frameworks";
			outputPaths = (
			);
			runOnlyForDeploymentPostprocessing = 0;
			shellPath = /bin/sh;
			shellScript = "\"${SRCROOT}/Pods/Target Support Files/Pods-MobileProtector/Pods-MobileProtector-frameworks.sh\"\n";
			showEnvVarsInLog = 0;
		};
		9B39AF87C72B72F66CA09FD2 /* [CP] Copy Pods Resources */ = {
			isa = PBXShellScriptBuildPhase;
			buildActionMask = 2147483647;
			files = (
			);
			inputPaths = (
			);
			name = "[CP] Copy Pods Resources";
			outputPaths = (
			);
			runOnlyForDeploymentPostprocessing = 0;
			shellPath = /bin/sh;
			shellScript = "\"${SRCROOT}/Pods/Target Support Files/Pods-MobileProtector/Pods-MobileProtector-resources.sh\"\n";
			showEnvVarsInLog = 0;
		};
/* End PBXShellScriptBuildPhase section */

/* Begin PBXSourcesBuildPhase section */
		0A0E4D411EF969B800D10709 /* Sources */ = {
			isa = PBXSourcesBuildPhase;
			buildActionMask = 2147483647;
			files = (
				0A9A1BD81EFB67C800B97B33 /* EncryptionUtils.m in Sources */,
				0A874BD91EF96DE3001F5186 /* MainCheckerController.m in Sources */,
				0A0E4D661EF96A8E00D10709 /* AppDelegate.m in Sources */,
				0A9A1BCF1EFB642400B97B33 /* DeviceHardwareInfoController.m in Sources */,
				0A874BE81EF97A80001F5186 /* DeviceAnalyzeManager.m in Sources */,
				0A0E4D4A1EF969B800D10709 /* main.m in Sources */,
				0A874BE21EF970BA001F5186 /* MainCheckerHeaderView.m in Sources */,
				0A874BDE1EF97074001F5186 /* VWWWaterView.m in Sources */,
				0A9A1BD71EFB67C800B97B33 /* AppUtils.m in Sources */,
				0A2A64501EFAC12B00B01E3E /* MainCheckerFooterView.m in Sources */,
				0A9A1BD91EFB67C800B97B33 /* Reachability.m in Sources */,
				0AC762B91EFAB10200135372 /* UIDevice-Hardware.m in Sources */,
			);
			runOnlyForDeploymentPostprocessing = 0;
		};
/* End PBXSourcesBuildPhase section */

/* Begin PBXVariantGroup section */
		0A0E4D511EF969B800D10709 /* Main.storyboard */ = {
			isa = PBXVariantGroup;
			children = (
				0A0E4D521EF969B800D10709 /* Base */,
			);
			name = Main.storyboard;
			sourceTree = "<group>";
		};
		0A0E4D561EF969B800D10709 /* LaunchScreen.storyboard */ = {
			isa = PBXVariantGroup;
			children = (
				0A0E4D571EF969B800D10709 /* Base */,
			);
			name = LaunchScreen.storyboard;
			sourceTree = "<group>";
		};
/* End PBXVariantGroup section */

/* Begin XCBuildConfiguration section */
		0A0E4D5A1EF969B800D10709 /* Debug */ = {
			isa = XCBuildConfiguration;
			buildSettings = {
				ALWAYS_SEARCH_USER_PATHS = NO;
				CLANG_ANALYZER_NONNULL = YES;
				CLANG_ANALYZER_NUMBER_OBJECT_CONVERSION = YES_AGGRESSIVE;
				CLANG_CXX_LANGUAGE_STANDARD = "gnu++0x";
				CLANG_CXX_LIBRARY = "libc++";
				CLANG_ENABLE_MODULES = YES;
				CLANG_ENABLE_OBJC_ARC = YES;
				CLANG_WARN_BOOL_CONVERSION = YES;
				CLANG_WARN_CONSTANT_CONVERSION = YES;
				CLANG_WARN_DIRECT_OBJC_ISA_USAGE = YES_ERROR;
				CLANG_WARN_DOCUMENTATION_COMMENTS = YES;
				CLANG_WARN_EMPTY_BODY = YES;
				CLANG_WARN_ENUM_CONVERSION = YES;
				CLANG_WARN_INFINITE_RECURSION = YES;
				CLANG_WARN_INT_CONVERSION = YES;
				CLANG_WARN_OBJC_ROOT_CLASS = YES_ERROR;
				CLANG_WARN_SUSPICIOUS_MOVE = YES;
				CLANG_WARN_UNREACHABLE_CODE = YES;
				CLANG_WARN__DUPLICATE_METHOD_MATCH = YES;
				"CODE_SIGN_IDENTITY[sdk=iphoneos*]" = "iPhone Developer";
				COPY_PHASE_STRIP = NO;
				DEBUG_INFORMATION_FORMAT = dwarf;
				ENABLE_STRICT_OBJC_MSGSEND = YES;
				ENABLE_TESTABILITY = YES;
				GCC_C_LANGUAGE_STANDARD = gnu99;
				GCC_DYNAMIC_NO_PIC = NO;
				GCC_NO_COMMON_BLOCKS = YES;
				GCC_OPTIMIZATION_LEVEL = 0;
				GCC_PREPROCESSOR_DEFINITIONS = (
					"DEBUG=1",
					"$(inherited)",
				);
				GCC_WARN_64_TO_32_BIT_CONVERSION = YES;
				GCC_WARN_ABOUT_RETURN_TYPE = YES_ERROR;
				GCC_WARN_UNDECLARED_SELECTOR = YES;
				GCC_WARN_UNINITIALIZED_AUTOS = YES_AGGRESSIVE;
				GCC_WARN_UNUSED_FUNCTION = YES;
				GCC_WARN_UNUSED_VARIABLE = YES;
				IPHONEOS_DEPLOYMENT_TARGET = 9.0;
				MTL_ENABLE_DEBUG_INFO = YES;
				ONLY_ACTIVE_ARCH = YES;
				SDKROOT = iphoneos;
				TARGETED_DEVICE_FAMILY = "1,2";
			};
			name = Debug;
		};
		0A0E4D5B1EF969B800D10709 /* Release */ = {
			isa = XCBuildConfiguration;
			buildSettings = {
				ALWAYS_SEARCH_USER_PATHS = NO;
				CLANG_ANALYZER_NONNULL = YES;
				CLANG_ANALYZER_NUMBER_OBJECT_CONVERSION = YES_AGGRESSIVE;
				CLANG_CXX_LANGUAGE_STANDARD = "gnu++0x";
				CLANG_CXX_LIBRARY = "libc++";
				CLANG_ENABLE_MODULES = YES;
				CLANG_ENABLE_OBJC_ARC = YES;
				CLANG_WARN_BOOL_CONVERSION = YES;
				CLANG_WARN_CONSTANT_CONVERSION = YES;
				CLANG_WARN_DIRECT_OBJC_ISA_USAGE = YES_ERROR;
				CLANG_WARN_DOCUMENTATION_COMMENTS = YES;
				CLANG_WARN_EMPTY_BODY = YES;
				CLANG_WARN_ENUM_CONVERSION = YES;
				CLANG_WARN_INFINITE_RECURSION = YES;
				CLANG_WARN_INT_CONVERSION = YES;
				CLANG_WARN_OBJC_ROOT_CLASS = YES_ERROR;
				CLANG_WARN_SUSPICIOUS_MOVE = YES;
				CLANG_WARN_UNREACHABLE_CODE = YES;
				CLANG_WARN__DUPLICATE_METHOD_MATCH = YES;
				"CODE_SIGN_IDENTITY[sdk=iphoneos*]" = "iPhone Developer";
				COPY_PHASE_STRIP = NO;
				DEBUG_INFORMATION_FORMAT = "dwarf-with-dsym";
				ENABLE_NS_ASSERTIONS = NO;
				ENABLE_STRICT_OBJC_MSGSEND = YES;
				GCC_C_LANGUAGE_STANDARD = gnu99;
				GCC_NO_COMMON_BLOCKS = YES;
				GCC_WARN_64_TO_32_BIT_CONVERSION = YES;
				GCC_WARN_ABOUT_RETURN_TYPE = YES_ERROR;
				GCC_WARN_UNDECLARED_SELECTOR = YES;
				GCC_WARN_UNINITIALIZED_AUTOS = YES_AGGRESSIVE;
				GCC_WARN_UNUSED_FUNCTION = YES;
				GCC_WARN_UNUSED_VARIABLE = YES;
				IPHONEOS_DEPLOYMENT_TARGET = 9.0;
				MTL_ENABLE_DEBUG_INFO = NO;
				SDKROOT = iphoneos;
				TARGETED_DEVICE_FAMILY = "1,2";
				VALIDATE_PRODUCT = YES;
			};
			name = Release;
		};
		0A0E4D5D1EF969B800D10709 /* Debug */ = {
			isa = XCBuildConfiguration;
			baseConfigurationReference = 0A0E4D761EF96B9800D10709 /* MobileProtector.debug.xcconfig */;
			buildSettings = {
				ASSETCATALOG_COMPILER_APPICON_NAME = AppIcon;
				CODE_SIGN_ENTITLEMENTS = $ENTITLEMENTS;
				DEVELOPMENT_TEAM = GPEJUX25C5;
				GCC_PREFIX_HEADER = MobileProtector/Base/PrefixHeader.pch;
				GCC_PREPROCESSOR_DEFINITIONS = (
					"$(inherited)",
					"COCOAPODS=1",
					PREPROCESSORMACROS_DEBUG,
				);
				INFOPLIST_FILE = $PLISTINFO;
				IPHONEOS_DEPLOYMENT_TARGET = 9.0;
				LD_RUNPATH_SEARCH_PATHS = "$(inherited) @executable_path/Frameworks";
				PRODUCT_BUNDLE_IDENTIFIER = com.kevinsu.ios.mobileprotector;
				PRODUCT_NAME = "$(TARGET_NAME)";
				TARGETED_DEVICE_FAMILY = 1;
			};
			name = Debug;
		};
		0A0E4D5E1EF969B800D10709 /* Release */ = {
			isa = XCBuildConfiguration;
			baseConfigurationReference = 0A0E4D781EF96B9800D10709 /* MobileProtector.release.xcconfig */;
			buildSettings = {
				ASSETCATALOG_COMPILER_APPICON_NAME = AppIcon;
				CODE_SIGN_ENTITLEMENTS = $ENTITLEMENTS;
				DEVELOPMENT_TEAM = GPEJUX25C5;
				GCC_PREFIX_HEADER = MobileProtector/Base/PrefixHeader.pch;
				GCC_PREPROCESSOR_DEFINITIONS = (
					"$(inherited)",
					"COCOAPODS=1",
					PREPROCESSORMACROS_RELEASE,
				);
				INFOPLIST_FILE = $PLISTINFO;
				IPHONEOS_DEPLOYMENT_TARGET = 9.0;
				LD_RUNPATH_SEARCH_PATHS = "$(inherited) @executable_path/Frameworks";
				PRODUCT_BUNDLE_IDENTIFIER = com.kevinsu.ios.mobileprotector;
				PRODUCT_NAME = "$(TARGET_NAME)";
				TARGETED_DEVICE_FAMILY = 1;
			};
			name = Release;
		};
/* End XCBuildConfiguration section */

/* Begin XCConfigurationList section */
		0A0E4D401EF969B800D10709 /* Build configuration list for PBXProject "MobileProtector" */ = {
			isa = XCConfigurationList;
			buildConfigurations = (
				0A0E4D5A1EF969B800D10709 /* Debug */,
				0A0E4D5B1EF969B800D10709 /* Release */,
			);
			defaultConfigurationIsVisible = 0;
			defaultConfigurationName = Release;
		};
		0A0E4D5C1EF969B800D10709 /* Build configuration list for PBXNativeTarget "MobileProtector" */ = {
			isa = XCConfigurationList;
			buildConfigurations = (
				0A0E4D5D1EF969B800D10709 /* Debug */,
				0A0E4D5E1EF969B800D10709 /* Release */,
			);
			defaultConfigurationIsVisible = 0;
			defaultConfigurationName = Release;
		};
/* End XCConfigurationList section */
	};
	rootObject = 0A0E4D3D1EF969B800D10709 /* Project object */;
}
